{
  "name": "cjs",
  "lockfileVersion": 3,
  "requires": true,
  "packages": {
    "": {
      "dependencies": {
        "elysia-compress": "../../.."
      }
    },
    "../../..": {
      "version": "1.2.1",
      "license": "MIT",
      "devDependencies": {
        "@elysiajs/cors": "^1.4.0",
        "@elysiajs/stream": "^1.1.0",
        "@eslint/js": "^9.36.0",
        "@types/bun": "latest",
        "bun-types": "^1.2.22",
        "elysia": "^1.4.8",
        "eslint": "^9.36.0",
        "eslint-config-prettier": "^9.1.2",
        "eslint-plugin-prettier": "^5.5.4",
        "husky": "^9.1.7",
        "lint-staged": "^15.5.2",
        "prettier": "^3.6.2",
        "rimraf": "^6.0.1",
        "typescript": "^5.9.2",
        "typescript-eslint": "^7.18.0"
      },
      "engines": {
        "bun": ">=1.1.8",
        "node": ">=18.20.8"
      },
      "peerDependencies": {
        "elysia": ">= 1.1.27",
        "typescript": "^5.8.3"
      }
    },
    "node_modules/elysia-compress": {
      "resolved": "../../..",
      "link": true
    }
  }
}
